
Microsoft Visual Studio Solution File, Format Version 12.00
# Visual Studio Version 16
VisualStudioVersion = 16.0.31829.152
MinimumVisualStudioVersion = 10.0.40219.1
Project("{FAE04EC0-301F-11D3-BF4B-00C04F79EFBC}") = "Lab4_1_Labovkin", "Lab4_1_Labovkin\Lab4_1_Labovkin.csproj", "{02ABAD47-5A3D-4400-8A46-0C49557DFE1E}"
EndProject
Global
	GlobalSection(SolutionConfigurationPlatforms) = preSolution
		Debug|Any CPU = Debug|Any CPU
		Release|Any CPU = Release|Any CPU
	EndGlobalSection
	GlobalSection(ProjectConfigurationPlatforms) = postSolution
		{02ABAD47-5A3D-4400-8A46-0C49557DFE1E}.Debug|Any CPU.ActiveCfg = Debug|Any CPU
		{02ABAD47-5A3D-4400-8A46-0C49557DFE1E}.Debug|Any CPU.Build.0 = Debug|Any CPU
		{02ABAD47-5A3D-4400-8A46-0C49557DFE1E}.Release|Any CPU.ActiveCfg = Release|Any CPU
		{02ABAD47-5A3D-4400-8A46-0C49557DFE1E}.Release|Any CPU.Build.0 = Release|Any CPU
	EndGlobalSection
	GlobalSection(SolutionProperties) = preSolution
		HideSolutionNode = FALSE
	EndGlobalSection
	GlobalSection(ExtensibilityGlobals) = postSolution
		SolutionGuid = {06BF48CE-1CAB-4DA9-AF3B-00581907DB7A}
	EndGlobalSection
EndGlobal
